
Microsoft Visual Studio Solution File, Format Version 12.00
# Visual Studio 15
VisualStudioVersion = 15.0.28010.2026
MinimumVisualStudioVersion = 10.0.40219.1
Project("{FAE04EC0-301F-11D3-BF4B-00C04F79EFBC}") = "ArrayFun", "ArrayFun.csproj", "{13BE0A4A-F590-447F-B108-B8B2218ED972}"
EndProject
Global
	GlobalSection(SolutionConfigurationPlatforms) = preSolution
		Debug|Any CPU = Debug|Any CPU
		Release|Any CPU = Release|Any CPU
	EndGlobalSection
	GlobalSection(ProjectConfigurationPlatforms) = postSolution
		{13BE0A4A-F590-447F-B108-B8B2218ED972}.Debug|Any CPU.ActiveCfg = Debug|Any CPU
		{13BE0A4A-F590-447F-B108-B8B2218ED972}.Debug|Any CPU.Build.0 = Debug|Any CPU
		{13BE0A4A-F590-447F-B108-B8B2218ED972}.Release|Any CPU.ActiveCfg = Release|Any CPU
		{13BE0A4A-F590-447F-B108-B8B2218ED972}.Release|Any CPU.Build.0 = Release|Any CPU
	EndGlobalSection
	GlobalSection(SolutionProperties) = preSolution
		HideSolutionNode = FALSE
	EndGlobalSection
	GlobalSection(ExtensibilityGlobals) = postSolution
		SolutionGuid = {B0079410-2435-4A64-B6C5-17398B3F7E19}
	EndGlobalSection
EndGlobal
